{
  "requires": true,
  "lockfileVersion": 1,
  "dependencies": {
    "types-registry": {
      "version": "0.1.526",
      "resolved": "https://registry.npmjs.org/types-registry/-/types-registry-0.1.526.tgz",
      "integrity": "sha512-QXDfIL0gYWzylyWTcRXJesU+CEMlhcf3pXYMQMFxQTAmJO1pr7Z1TVXsmDgNZdwO1/416C6bKjti7NgCDk4elA=="
    }
  }
}
